// !$*UTF8*$!
{
	archiveVersion = 1;
	classes = {
	};
	objectVersion = 77;
	objects = {

/* Begin PBXBuildFile section */
		4B79AAE72DD3967B00D67625 /* WidgetKit.framework in Frameworks */ = {isa = PBXBuildFile; fileRef = 4B79AAE62DD3967B00D67625 /* WidgetKit.framework */; };
		4B79AAE92DD3967B00D67625 /* SwiftUI.framework in Frameworks */ = {isa = PBXBuildFile; fileRef = 4B79AAE82DD3967B00D67625 /* SwiftUI.framework */; };
		4B79AAF82DD3967D00D67625 /* FearGreedWidgetExtension.appex in Embed Foundation Extensions */ = {isa = PBXBuildFile; fileRef = 4B79AAE42DD3967B00D67625 /* FearGreedWidgetExtension.appex */; settings = {ATTRIBUTES = (RemoveHeadersOnCopy, ); }; };
/* End PBXBuildFile section */

/* Begin PBXContainerItemProxy section */
		4B79AA5C2DD1C76100D67625 /* PBXContainerItemProxy */ = {
			isa = PBXContainerItemProxy;
			containerPortal = 4B79AA462DD1C75F00D67625 /* Project object */;
			proxyType = 1;
			remoteGlobalIDString = 4B79AA4D2DD1C75F00D67625;
			remoteInfo = FearAndGreedScore;
		};
		4B79AA662DD1C76100D67625 /* PBXContainerItemProxy */ = {
			isa = PBXContainerItemProxy;
			containerPortal = 4B79AA462DD1C75F00D67625 /* Project object */;
			proxyType = 1;
			remoteGlobalIDString = 4B79AA4D2DD1C75F00D67625;
			remoteInfo = FearAndGreedScore;
		};
		4B79AAF62DD3967D00D67625 /* PBXContainerItemProxy */ = {
			isa = PBXContainerItemProxy;
			containerPortal = 4B79AA462DD1C75F00D67625 /* Project object */;
			proxyType = 1;
			remoteGlobalIDString = 4B79AAE32DD3967B00D67625;
			remoteInfo = FearGreedWidgetExtension;
		};
/* End PBXContainerItemProxy section */

/* Begin PBXCopyFilesBuildPhase section */
		4B79AAF92DD3967D00D67625 /* Embed Foundation Extensions */ = {
			isa = PBXCopyFilesBuildPhase;
			buildActionMask = 2147483647;
			dstPath = "";
			dstSubfolderSpec = 13;
			files = (
				4B79AAF82DD3967D00D67625 /* FearGreedWidgetExtension.appex in Embed Foundation Extensions */,
			);
			name = "Embed Foundation Extensions";
			runOnlyForDeploymentPostprocessing = 0;
		};
/* End PBXCopyFilesBuildPhase section */

/* Begin PBXFileReference section */
		4B79AA4E2DD1C75F00D67625 /* FearAndGreedScore.app */ = {isa = PBXFileReference; explicitFileType = wrapper.application; includeInIndex = 0; path = FearAndGreedScore.app; sourceTree = BUILT_PRODUCTS_DIR; };
		4B79AA5B2DD1C76100D67625 /* FearAndGreedScoreTests.xctest */ = {isa = PBXFileReference; explicitFileType = wrapper.cfbundle; includeInIndex = 0; path = FearAndGreedScoreTests.xctest; sourceTree = BUILT_PRODUCTS_DIR; };
		4B79AA652DD1C76100D67625 /* FearAndGreedScoreUITests.xctest */ = {isa = PBXFileReference; explicitFileType = wrapper.cfbundle; includeInIndex = 0; path = FearAndGreedScoreUITests.xctest; sourceTree = BUILT_PRODUCTS_DIR; };
		4B79AAE42DD3967B00D67625 /* FearGreedWidgetExtension.appex */ = {isa = PBXFileReference; explicitFileType = "wrapper.app-extension"; includeInIndex = 0; path = FearGreedWidgetExtension.appex; sourceTree = BUILT_PRODUCTS_DIR; };
		4B79AAE62DD3967B00D67625 /* WidgetKit.framework */ = {isa = PBXFileReference; lastKnownFileType = wrapper.framework; name = WidgetKit.framework; path = System/Library/Frameworks/WidgetKit.framework; sourceTree = SDKROOT; };
		4B79AAE82DD3967B00D67625 /* SwiftUI.framework */ = {isa = PBXFileReference; lastKnownFileType = wrapper.framework; name = SwiftUI.framework; path = System/Library/Frameworks/SwiftUI.framework; sourceTree = SDKROOT; };
		4B79AAFF2DD3ADDB00D67625 /* FearGreedWidgetExtension.entitlements */ = {isa = PBXFileReference; lastKnownFileType = text.plist.entitlements; path = FearGreedWidgetExtension.entitlements; sourceTree = "<group>"; };
/* End PBXFileReference section */

/* Begin PBXFileSystemSynchronizedBuildFileExceptionSet section */
		4B79AAFC2DD3967D00D67625 /* Exceptions for "FearGreedWidget" folder in "FearGreedWidgetExtension" target */ = {
			isa = PBXFileSystemSynchronizedBuildFileExceptionSet;
			membershipExceptions = (
				Info.plist,
			);
			target = 4B79AAE32DD3967B00D67625 /* FearGreedWidgetExtension */;
		};
/* End PBXFileSystemSynchronizedBuildFileExceptionSet section */

/* Begin PBXFileSystemSynchronizedRootGroup section */
		4B79AA502DD1C75F00D67625 /* FearAndGreedScore */ = {
			isa = PBXFileSystemSynchronizedRootGroup;
			path = FearAndGreedScore;
			sourceTree = "<group>";
		};
		4B79AA5E2DD1C76100D67625 /* FearAndGreedScoreTests */ = {
			isa = PBXFileSystemSynchronizedRootGroup;
			path = FearAndGreedScoreTests;
			sourceTree = "<group>";
		};
		4B79AA682DD1C76100D67625 /* FearAndGreedScoreUITests */ = {
			isa = PBXFileSystemSynchronizedRootGroup;
			path = FearAndGreedScoreUITests;
			sourceTree = "<group>";
		};
		4B79AAEA2DD3967B00D67625 /* FearGreedWidget */ = {
			isa = PBXFileSystemSynchronizedRootGroup;
			exceptions = (
				4B79AAFC2DD3967D00D67625 /* Exceptions for "FearGreedWidget" folder in "FearGreedWidgetExtension" target */,
			);
			path = FearGreedWidget;
			sourceTree = "<group>";
		};
/* End PBXFileSystemSynchronizedRootGroup section */

/* Begin PBXFrameworksBuildPhase section */
		4B79AA4B2DD1C75F00D67625 /* Frameworks */ = {
			isa = PBXFrameworksBuildPhase;
			buildActionMask = 2147483647;
			files = (
			);
			runOnlyForDeploymentPostprocessing = 0;
		};
		4B79AA582DD1C76100D67625 /* Frameworks */ = {
			isa = PBXFrameworksBuildPhase;
			buildActionMask = 2147483647;
			files = (
			);
			runOnlyForDeploymentPostprocessing = 0;
		};
		4B79AA622DD1C76100D67625 /* Frameworks */ = {
			isa = PBXFrameworksBuildPhase;
			buildActionMask = 2147483647;
			files = (
			);
			runOnlyForDeploymentPostprocessing = 0;
		};
		4B79AAE12DD3967B00D67625 /* Frameworks */ = {
			isa = PBXFrameworksBuildPhase;
			buildActionMask = 2147483647;
			files = (
				4B79AAE92DD3967B00D67625 /* SwiftUI.framework in Frameworks */,
				4B79AAE72DD3967B00D67625 /* WidgetKit.framework in Frameworks */,
			);
			runOnlyForDeploymentPostprocessing = 0;
		};
/* End PBXFrameworksBuildPhase section */

/* Begin PBXGroup section */
		4B79AA452DD1C75F00D67625 = {
			isa = PBXGroup;
			children = (
				4B79AAFF2DD3ADDB00D67625 /* FearGreedWidgetExtension.entitlements */,
				4B79AA502DD1C75F00D67625 /* FearAndGreedScore */,
				4B79AA5E2DD1C76100D67625 /* FearAndGreedScoreTests */,
				4B79AA682DD1C76100D67625 /* FearAndGreedScoreUITests */,
				4B79AAEA2DD3967B00D67625 /* FearGreedWidget */,
				4B79AAE52DD3967B00D67625 /* Frameworks */,
				4B79AA4F2DD1C75F00D67625 /* Products */,
			);
			sourceTree = "<group>";
		};
		4B79AA4F2DD1C75F00D67625 /* Products */ = {
			isa = PBXGroup;
			children = (
				4B79AA4E2DD1C75F00D67625 /* FearAndGreedScore.app */,
				4B79AA5B2DD1C76100D67625 /* FearAndGreedScoreTests.xctest */,
				4B79AA652DD1C76100D67625 /* FearAndGreedScoreUITests.xctest */,
				4B79AAE42DD3967B00D67625 /* FearGreedWidgetExtension.appex */,
			);
			name = Products;
			sourceTree = "<group>";
		};
		4B79AAE52DD3967B00D67625 /* Frameworks */ = {
			isa = PBXGroup;
			children = (
				4B79AAE62DD3967B00D67625 /* WidgetKit.framework */,
				4B79AAE82DD3967B00D67625 /* SwiftUI.framework */,
			);
			name = Frameworks;
			sourceTree = "<group>";
		};
/* End PBXGroup section */

/* Begin PBXNativeTarget section */
		4B79AA4D2DD1C75F00D67625 /* FearAndGreedScore */ = {
			isa = PBXNativeTarget;
			buildConfigurationList = 4B79AA6F2DD1C76100D67625 /* Build configuration list for PBXNativeTarget "FearAndGreedScore" */;
			buildPhases = (
				4B79AA4A2DD1C75F00D67625 /* Sources */,
				4B79AA4B2DD1C75F00D67625 /* Frameworks */,
				4B79AA4C2DD1C75F00D67625 /* Resources */,
				4B79AAF92DD3967D00D67625 /* Embed Foundation Extensions */,
			);
			buildRules = (
			);
			dependencies = (
				4B79AAF72DD3967D00D67625 /* PBXTargetDependency */,
			);
			fileSystemSynchronizedGroups = (
				4B79AA502DD1C75F00D67625 /* FearAndGreedScore */,
			);
			name = FearAndGreedScore;
			packageProductDependencies = (
			);
			productName = FearAndGreedScore;
			productReference = 4B79AA4E2DD1C75F00D67625 /* FearAndGreedScore.app */;
			productType = "com.apple.product-type.application";
		};
		4B79AA5A2DD1C76100D67625 /* FearAndGreedScoreTests */ = {
			isa = PBXNativeTarget;
			buildConfigurationList = 4B79AA722DD1C76100D67625 /* Build configuration list for PBXNativeTarget "FearAndGreedScoreTests" */;
			buildPhases = (
				4B79AA572DD1C76100D67625 /* Sources */,
				4B79AA582DD1C76100D67625 /* Frameworks */,
				4B79AA592DD1C76100D67625 /* Resources */,
			);
			buildRules = (
			);
			dependencies = (
				4B79AA5D2DD1C76100D67625 /* PBXTargetDependency */,
			);
			fileSystemSynchronizedGroups = (
				4B79AA5E2DD1C76100D67625 /* FearAndGreedScoreTests */,
			);
			name = FearAndGreedScoreTests;
			packageProductDependencies = (
			);
			productName = FearAndGreedScoreTests;
			productReference = 4B79AA5B2DD1C76100D67625 /* FearAndGreedScoreTests.xctest */;
			productType = "com.apple.product-type.bundle.unit-test";
		};
		4B79AA642DD1C76100D67625 /* FearAndGreedScoreUITests */ = {
			isa = PBXNativeTarget;
			buildConfigurationList = 4B79AA752DD1C76100D67625 /* Build configuration list for PBXNativeTarget "FearAndGreedScoreUITests" */;
			buildPhases = (
				4B79AA612DD1C76100D67625 /* Sources */,
				4B79AA622DD1C76100D67625 /* Frameworks */,
				4B79AA632DD1C76100D67625 /* Resources */,
			);
			buildRules = (
			);
			dependencies = (
				4B79AA672DD1C76100D67625 /* PBXTargetDependency */,
			);
			fileSystemSynchronizedGroups = (
				4B79AA682DD1C76100D67625 /* FearAndGreedScoreUITests */,
			);
			name = FearAndGreedScoreUITests;
			packageProductDependencies = (
			);
			productName = FearAndGreedScoreUITests;
			productReference = 4B79AA652DD1C76100D67625 /* FearAndGreedScoreUITests.xctest */;
			productType = "com.apple.product-type.bundle.ui-testing";
		};
		4B79AAE32DD3967B00D67625 /* FearGreedWidgetExtension */ = {
			isa = PBXNativeTarget;
			buildConfigurationList = 4B79AAFD2DD3967D00D67625 /* Build configuration list for PBXNativeTarget "FearGreedWidgetExtension" */;
			buildPhases = (
				4B79AAE02DD3967B00D67625 /* Sources */,
				4B79AAE12DD3967B00D67625 /* Frameworks */,
				4B79AAE22DD3967B00D67625 /* Resources */,
			);
			buildRules = (
			);
			dependencies = (
			);
			fileSystemSynchronizedGroups = (
				4B79AAEA2DD3967B00D67625 /* FearGreedWidget */,
			);
			name = FearGreedWidgetExtension;
			packageProductDependencies = (
			);
			productName = FearGreedWidgetExtension;
			productReference = 4B79AAE42DD3967B00D67625 /* FearGreedWidgetExtension.appex */;
			productType = "com.apple.product-type.app-extension";
		};
/* End PBXNativeTarget section */

/* Begin PBXProject section */
		4B79AA462DD1C75F00D67625 /* Project object */ = {
			isa = PBXProject;
			attributes = {
				BuildIndependentTargetsInParallel = 1;
				LastSwiftUpdateCheck = 1630;
				LastUpgradeCheck = 1630;
				TargetAttributes = {
					4B79AA4D2DD1C75F00D67625 = {
						CreatedOnToolsVersion = 16.3;
					};
					4B79AA5A2DD1C76100D67625 = {
						CreatedOnToolsVersion = 16.3;
						TestTargetID = 4B79AA4D2DD1C75F00D67625;
					};
					4B79AA642DD1C76100D67625 = {
						CreatedOnToolsVersion = 16.3;
						TestTargetID = 4B79AA4D2DD1C75F00D67625;
					};
					4B79AAE32DD3967B00D67625 = {
						CreatedOnToolsVersion = 16.3;
					};
				};
			};
			buildConfigurationList = 4B79AA492DD1C75F00D67625 /* Build configuration list for PBXProject "FearAndGreedScore" */;
			developmentRegion = en;
			hasScannedForEncodings = 0;
			knownRegions = (
				en,
				Base,
			);
			mainGroup = 4B79AA452DD1C75F00D67625;
			minimizedProjectReferenceProxies = 1;
			preferredProjectObjectVersion = 77;
			productRefGroup = 4B79AA4F2DD1C75F00D67625 /* Products */;
			projectDirPath = "";
			projectRoot = "";
			targets = (
				4B79AA4D2DD1C75F00D67625 /* FearAndGreedScore */,
				4B79AA5A2DD1C76100D67625 /* FearAndGreedScoreTests */,
				4B79AA642DD1C76100D67625 /* FearAndGreedScoreUITests */,
				4B79AAE32DD3967B00D67625 /* FearGreedWidgetExtension */,
			);
		};
/* End PBXProject section */

/* Begin PBXResourcesBuildPhase section */
		4B79AA4C2DD1C75F00D67625 /* Resources */ = {
			isa = PBXResourcesBuildPhase;
			buildActionMask = 2147483647;
			files = (
			);
			runOnlyForDeploymentPostprocessing = 0;
		};
		4B79AA592DD1C76100D67625 /* Resources */ = {
			isa = PBXResourcesBuildPhase;
			buildActionMask = 2147483647;
			files = (
			);
			runOnlyForDeploymentPostprocessing = 0;
		};
		4B79AA632DD1C76100D67625 /* Resources */ = {
			isa = PBXResourcesBuildPhase;
			buildActionMask = 2147483647;
			files = (
			);
			runOnlyForDeploymentPostprocessing = 0;
		};
		4B79AAE22DD3967B00D67625 /* Resources */ = {
			isa = PBXResourcesBuildPhase;
			buildActionMask = 2147483647;
			files = (
			);
			runOnlyForDeploymentPostprocessing = 0;
		};
/* End PBXResourcesBuildPhase section */

/* Begin PBXSourcesBuildPhase section */
		4B79AA4A2DD1C75F00D67625 /* Sources */ = {
			isa = PBXSourcesBuildPhase;
			buildActionMask = 2147483647;
			files = (
			);
			runOnlyForDeploymentPostprocessing = 0;
		};
		4B79AA572DD1C76100D67625 /* Sources */ = {
			isa = PBXSourcesBuildPhase;
			buildActionMask = 2147483647;
			files = (
			);
			runOnlyForDeploymentPostprocessing = 0;
		};
		4B79AA612DD1C76100D67625 /* Sources */ = {
			isa = PBXSourcesBuildPhase;
			buildActionMask = 2147483647;
			files = (
			);
			runOnlyForDeploymentPostprocessing = 0;
		};
		4B79AAE02DD3967B00D67625 /* Sources */ = {
			isa = PBXSourcesBuildPhase;
			buildActionMask = 2147483647;
			files = (
			);
			runOnlyForDeploymentPostprocessing = 0;
		};
/* End PBXSourcesBuildPhase section */

/* Begin PBXTargetDependency section */
		4B79AA5D2DD1C76100D67625 /* PBXTargetDependency */ = {
			isa = PBXTargetDependency;
			target = 4B79AA4D2DD1C75F00D67625 /* FearAndGreedScore */;
			targetProxy = 4B79AA5C2DD1C76100D67625 /* PBXContainerItemProxy */;
		};
		4B79AA672DD1C76100D67625 /* PBXTargetDependency */ = {
			isa = PBXTargetDependency;
			target = 4B79AA4D2DD1C75F00D67625 /* FearAndGreedScore */;
			targetProxy = 4B79AA662DD1C76100D67625 /* PBXContainerItemProxy */;
		};
		4B79AAF72DD3967D00D67625 /* PBXTargetDependency */ = {
			isa = PBXTargetDependency;
			target = 4B79AAE32DD3967B00D67625 /* FearGreedWidgetExtension */;
			targetProxy = 4B79AAF62DD3967D00D67625 /* PBXContainerItemProxy */;
		};
/* End PBXTargetDependency section */

/* Begin XCBuildConfiguration section */
		4B79AA6D2DD1C76100D67625 /* Debug */ = {
			isa = XCBuildConfiguration;
			buildSettings = {
				ALWAYS_SEARCH_USER_PATHS = NO;
				ASSETCATALOG_COMPILER_GENERATE_SWIFT_ASSET_SYMBOL_EXTENSIONS = YES;
				CLANG_ANALYZER_NONNULL = YES;
				CLANG_ANALYZER_NUMBER_OBJECT_CONVERSION = YES_AGGRESSIVE;
				CLANG_CXX_LANGUAGE_STANDARD = "gnu++20";
				CLANG_ENABLE_MODULES = YES;
				CLANG_ENABLE_OBJC_ARC = YES;
				CLANG_ENABLE_OBJC_WEAK = YES;
				CLANG_WARN_BLOCK_CAPTURE_AUTORELEASING = YES;
				CLANG_WARN_BOOL_CONVERSION = YES;
				CLANG_WARN_COMMA = YES;
				CLANG_WARN_CONSTANT_CONVERSION = YES;
				CLANG_WARN_DEPRECATED_OBJC_IMPLEMENTATIONS = YES;
				CLANG_WARN_DIRECT_OBJC_ISA_USAGE = YES_ERROR;
				CLANG_WARN_DOCUMENTATION_COMMENTS = YES;
				CLANG_WARN_EMPTY_BODY = YES;
				CLANG_WARN_ENUM_CONVERSION = YES;
				CLANG_WARN_INFINITE_RECURSION = YES;
				CLANG_WARN_INT_CONVERSION = YES;
				CLANG_WARN_NON_LITERAL_NULL_CONVERSION = YES;
				CLANG_WARN_OBJC_IMPLICIT_RETAIN_SELF = YES;
				CLANG_WARN_OBJC_LITERAL_CONVERSION = YES;
				CLANG_WARN_OBJC_ROOT_CLASS = YES_ERROR;
				CLANG_WARN_QUOTED_INCLUDE_IN_FRAMEWORK_HEADER = YES;
				CLANG_WARN_RANGE_LOOP_ANALYSIS = YES;
				CLANG_WARN_STRICT_PROTOTYPES = YES;
				CLANG_WARN_SUSPICIOUS_MOVE = YES;
				CLANG_WARN_UNGUARDED_AVAILABILITY = YES_AGGRESSIVE;
				CLANG_WARN_UNREACHABLE_CODE = YES;
				CLANG_WARN__DUPLICATE_METHOD_MATCH = YES;
				COPY_PHASE_STRIP = NO;
				DEBUG_INFORMATION_FORMAT = "dwarf-with-dsym";
				DEVELOPMENT_TEAM = 688QA9GU4U;
				ENABLE_STRICT_OBJC_MSGSEND = YES;
				ENABLE_TESTABILITY = YES;
				ENABLE_USER_SCRIPT_SANDBOXING = YES;
				GCC_C_LANGUAGE_STANDARD = gnu17;
				GCC_DYNAMIC_NO_PIC = NO;
				GCC_NO_COMMON_BLOCKS = YES;
				GCC_OPTIMIZATION_LEVEL = 0;
				GCC_PREPROCESSOR_DEFINITIONS = (
					"DEBUG=1",
					"$(inherited)",
				);
				GCC_WARN_64_TO_32_BIT_CONVERSION = YES;
				GCC_WARN_ABOUT_RETURN_TYPE = YES_ERROR;
				GCC_WARN_UNDECLARED_SELECTOR = YES;
				GCC_WARN_UNINITIALIZED_AUTOS = YES_AGGRESSIVE;
				GCC_WARN_UNUSED_FUNCTION = YES;
				GCC_WARN_UNUSED_VARIABLE = YES;
				IPHONEOS_DEPLOYMENT_TARGET = 18.4;
				LOCALIZATION_PREFERS_STRING_CATALOGS = YES;
				MTL_ENABLE_DEBUG_INFO = INCLUDE_SOURCE;
				MTL_FAST_MATH = YES;
				ONLY_ACTIVE_ARCH = YES;
				SDKROOT = iphoneos;
				SWIFT_ACTIVE_COMPILATION_CONDITIONS = "DEBUG $(inherited)";
				SWIFT_OPTIMIZATION_LEVEL = "-Onone";
			};
			name = Debug;
		};
		4B79AA6E2DD1C76100D67625 /* Release */ = {
			isa = XCBuildConfiguration;
			buildSettings = {
				ALWAYS_SEARCH_USER_PATHS = NO;
				ASSETCATALOG_COMPILER_GENERATE_SWIFT_ASSET_SYMBOL_EXTENSIONS = YES;
				CLANG_ANALYZER_NONNULL = YES;
				CLANG_ANALYZER_NUMBER_OBJECT_CONVERSION = YES_AGGRESSIVE;
				CLANG_CXX_LANGUAGE_STANDARD = "gnu++20";
				CLANG_ENABLE_MODULES = YES;
				CLANG_ENABLE_OBJC_ARC = YES;
				CLANG_ENABLE_OBJC_WEAK = YES;
				CLANG_WARN_BLOCK_CAPTURE_AUTORELEASING = YES;
				CLANG_WARN_BOOL_CONVERSION = YES;
				CLANG_WARN_COMMA = YES;
				CLANG_WARN_CONSTANT_CONVERSION = YES;
				CLANG_WARN_DEPRECATED_OBJC_IMPLEMENTATIONS = YES;
				CLANG_WARN_DIRECT_OBJC_ISA_USAGE = YES_ERROR;
				CLANG_WARN_DOCUMENTATION_COMMENTS = YES;
				CLANG_WARN_EMPTY_BODY = YES;
				CLANG_WARN_ENUM_CONVERSION = YES;
				CLANG_WARN_INFINITE_RECURSION = YES;
				CLANG_WARN_INT_CONVERSION = YES;
				CLANG_WARN_NON_LITERAL_NULL_CONVERSION = YES;
				CLANG_WARN_OBJC_IMPLICIT_RETAIN_SELF = YES;
				CLANG_WARN_OBJC_LITERAL_CONVERSION = YES;
				CLANG_WARN_OBJC_ROOT_CLASS = YES_ERROR;
				CLANG_WARN_QUOTED_INCLUDE_IN_FRAMEWORK_HEADER = YES;
				CLANG_WARN_RANGE_LOOP_ANALYSIS = YES;
				CLANG_WARN_STRICT_PROTOTYPES = YES;
				CLANG_WARN_SUSPICIOUS_MOVE = YES;
				CLANG_WARN_UNGUARDED_AVAILABILITY = YES_AGGRESSIVE;
				CLANG_WARN_UNREACHABLE_CODE = YES;
				CLANG_WARN__DUPLICATE_METHOD_MATCH = YES;
				COPY_PHASE_STRIP = NO;
				DEBUG_INFORMATION_FORMAT = "dwarf-with-dsym";
				DEVELOPMENT_TEAM = 688QA9GU4U;
				ENABLE_NS_ASSERTIONS = NO;
				ENABLE_STRICT_OBJC_MSGSEND = YES;
				ENABLE_USER_SCRIPT_SANDBOXING = YES;
				GCC_C_LANGUAGE_STANDARD = gnu17;
				GCC_NO_COMMON_BLOCKS = YES;
				GCC_WARN_64_TO_32_BIT_CONVERSION = YES;
				GCC_WARN_ABOUT_RETURN_TYPE = YES_ERROR;
				GCC_WARN_UNDECLARED_SELECTOR = YES;
				GCC_WARN_UNINITIALIZED_AUTOS = YES_AGGRESSIVE;
				GCC_WARN_UNUSED_FUNCTION = YES;
				GCC_WARN_UNUSED_VARIABLE = YES;
				IPHONEOS_DEPLOYMENT_TARGET = 18.4;
				LOCALIZATION_PREFERS_STRING_CATALOGS = YES;
				MTL_ENABLE_DEBUG_INFO = NO;
				MTL_FAST_MATH = YES;
				SDKROOT = iphoneos;
				SWIFT_COMPILATION_MODE = wholemodule;
				VALIDATE_PRODUCT = YES;
			};
			name = Release;
		};
		4B79AA702DD1C76100D67625 /* Debug */ = {
			isa = XCBuildConfiguration;
			buildSettings = {
				ASSETCATALOG_COMPILER_APPICON_NAME = AppIcon;
				ASSETCATALOG_COMPILER_GLOBAL_ACCENT_COLOR_NAME = AccentColor;
				ASSETCATALOG_COMPILER_INCLUDE_ALL_APPICON_ASSETS = NO;
				CODE_SIGN_ENTITLEMENTS = "Feer & Greed Score/Feer & Greed Score.entitlements";
				CODE_SIGN_STYLE = Automatic;
				CURRENT_PROJECT_VERSION = 1;
				DEVELOPMENT_TEAM = 688QA9GU4U;
				ENABLE_PREVIEWS = YES;
				GENERATE_INFOPLIST_FILE = YES;
				INFOPLIST_KEY_LSApplicationCategoryType = "public.app-category.finance";
				INFOPLIST_KEY_UIApplicationSceneManifest_Generation = YES;
				INFOPLIST_KEY_UIApplicationSupportsIndirectInputEvents = YES;
				INFOPLIST_KEY_UILaunchScreen_Generation = YES;
				INFOPLIST_KEY_UISupportedInterfaceOrientations_iPad = "UIInterfaceOrientationPortrait UIInterfaceOrientationPortraitUpsideDown UIInterfaceOrientationLandscapeLeft UIInterfaceOrientationLandscapeRight";
				INFOPLIST_KEY_UISupportedInterfaceOrientations_iPhone = "UIInterfaceOrientationPortrait UIInterfaceOrientationLandscapeLeft UIInterfaceOrientationLandscapeRight";
				LD_RUNPATH_SEARCH_PATHS = (
					"$(inherited)",
					"@executable_path/Frameworks",
				);
				MARKETING_VERSION = 1.0;
				PRODUCT_BUNDLE_IDENTIFIER = "samixd.Feer---Greed-Score";
				PRODUCT_NAME = "$(TARGET_NAME)";
				SWIFT_EMIT_LOC_STRINGS = YES;
				SWIFT_VERSION = 5.0;
				TARGETED_DEVICE_FAMILY = "1,2";
			};
			name = Debug;
		};
		4B79AA712DD1C76100D67625 /* Release */ = {
			isa = XCBuildConfiguration;
			buildSettings = {
				ASSETCATALOG_COMPILER_APPICON_NAME = AppIcon;
				ASSETCATALOG_COMPILER_GLOBAL_ACCENT_COLOR_NAME = AccentColor;
				ASSETCATALOG_COMPILER_INCLUDE_ALL_APPICON_ASSETS = NO;
				CODE_SIGN_ENTITLEMENTS = "Feer & Greed Score/Feer & Greed Score.entitlements";
				CODE_SIGN_STYLE = Automatic;
				CURRENT_PROJECT_VERSION = 1;
				DEVELOPMENT_TEAM = 688QA9GU4U;
				ENABLE_PREVIEWS = YES;
				GENERATE_INFOPLIST_FILE = YES;
				INFOPLIST_KEY_LSApplicationCategoryType = "public.app-category.finance";
				INFOPLIST_KEY_UIApplicationSceneManifest_Generation = YES;
				INFOPLIST_KEY_UIApplicationSupportsIndirectInputEvents = YES;
				INFOPLIST_KEY_UILaunchScreen_Generation = YES;
				INFOPLIST_KEY_UISupportedInterfaceOrientations_iPad = "UIInterfaceOrientationPortrait UIInterfaceOrientationPortraitUpsideDown UIInterfaceOrientationLandscapeLeft UIInterfaceOrientationLandscapeRight";
				INFOPLIST_KEY_UISupportedInterfaceOrientations_iPhone = "UIInterfaceOrientationPortrait UIInterfaceOrientationLandscapeLeft UIInterfaceOrientationLandscapeRight";
				LD_RUNPATH_SEARCH_PATHS = (
					"$(inherited)",
					"@executable_path/Frameworks",
				);
				MARKETING_VERSION = 1.0;
				PRODUCT_BUNDLE_IDENTIFIER = "samixd.Feer---Greed-Score";
				PRODUCT_NAME = "$(TARGET_NAME)";
				SWIFT_EMIT_LOC_STRINGS = YES;
				SWIFT_VERSION = 5.0;
				TARGETED_DEVICE_FAMILY = "1,2";
			};
			name = Release;
		};
		4B79AA732DD1C76100D67625 /* Debug */ = {
			isa = XCBuildConfiguration;
			buildSettings = {
				BUNDLE_LOADER = "$(TEST_HOST)";
				CODE_SIGN_STYLE = Automatic;
				CURRENT_PROJECT_VERSION = 1;
				DEVELOPMENT_TEAM = 688QA9GU4U;
				GENERATE_INFOPLIST_FILE = YES;
				IPHONEOS_DEPLOYMENT_TARGET = 18.4;
				MARKETING_VERSION = 1.0;
				PRODUCT_BUNDLE_IDENTIFIER = "samixd.Feer---Greed-ScoreTests";
				PRODUCT_NAME = "$(TARGET_NAME)";
				SWIFT_EMIT_LOC_STRINGS = NO;
				SWIFT_VERSION = 5.0;
				TARGETED_DEVICE_FAMILY = "1,2";
				TEST_HOST = "$(BUILT_PRODUCTS_DIR)/FearAndGreedScore.app/$(BUNDLE_EXECUTABLE_FOLDER_PATH)/FearAndGreedScore";
			};
			name = Debug;
		};
		4B79AA742DD1C76100D67625 /* Release */ = {
			isa = XCBuildConfiguration;
			buildSettings = {
				BUNDLE_LOADER = "$(TEST_HOST)";
				CODE_SIGN_STYLE = Automatic;
				CURRENT_PROJECT_VERSION = 1;
				DEVELOPMENT_TEAM = 688QA9GU4U;
				GENERATE_INFOPLIST_FILE = YES;
				IPHONEOS_DEPLOYMENT_TARGET = 18.4;
				MARKETING_VERSION = 1.0;
				PRODUCT_BUNDLE_IDENTIFIER = "samixd.Feer---Greed-ScoreTests";
				PRODUCT_NAME = "$(TARGET_NAME)";
				SWIFT_EMIT_LOC_STRINGS = NO;
				SWIFT_VERSION = 5.0;
				TARGETED_DEVICE_FAMILY = "1,2";
				TEST_HOST = "$(BUILT_PRODUCTS_DIR)/FearAndGreedScore.app/$(BUNDLE_EXECUTABLE_FOLDER_PATH)/FearAndGreedScore";
			};
			name = Release;
		};
		4B79AA762DD1C76100D67625 /* Debug */ = {
			isa = XCBuildConfiguration;
			buildSettings = {
				CODE_SIGN_STYLE = Automatic;
				CURRENT_PROJECT_VERSION = 1;
				DEVELOPMENT_TEAM = 688QA9GU4U;
				GENERATE_INFOPLIST_FILE = YES;
				MARKETING_VERSION = 1.0;
				PRODUCT_BUNDLE_IDENTIFIER = "samixd.Feer---Greed-Score";
				PRODUCT_NAME = "$(TARGET_NAME)";
				SWIFT_EMIT_LOC_STRINGS = NO;
				SWIFT_VERSION = 5.0;
				TARGETED_DEVICE_FAMILY = "1,2";
				TEST_TARGET_NAME = FearAndGreedScore;
			};
			name = Debug;
		};
		4B79AA772DD1C76100D67625 /* Release */ = {
			isa = XCBuildConfiguration;
			buildSettings = {
				CODE_SIGN_STYLE = Automatic;
				CURRENT_PROJECT_VERSION = 1;
				DEVELOPMENT_TEAM = 688QA9GU4U;
				GENERATE_INFOPLIST_FILE = YES;
				MARKETING_VERSION = 1.0;
				PRODUCT_BUNDLE_IDENTIFIER = "samixd.Feer---Greed-Score";
				PRODUCT_NAME = "$(TARGET_NAME)";
				SWIFT_EMIT_LOC_STRINGS = NO;
				SWIFT_VERSION = 5.0;
				TARGETED_DEVICE_FAMILY = "1,2";
				TEST_TARGET_NAME = FearAndGreedScore;
			};
			name = Release;
		};
		4B79AAFA2DD3967D00D67625 /* Debug */ = {
			isa = XCBuildConfiguration;
			buildSettings = {
				ASSETCATALOG_COMPILER_GLOBAL_ACCENT_COLOR_NAME = AccentColor;
				ASSETCATALOG_COMPILER_WIDGET_BACKGROUND_COLOR_NAME = WidgetBackground;
				CODE_SIGN_ENTITLEMENTS = FearGreedWidgetExtension.entitlements;
				CODE_SIGN_STYLE = Automatic;
				CURRENT_PROJECT_VERSION = 1;
				DEVELOPMENT_TEAM = 688QA9GU4U;
				GENERATE_INFOPLIST_FILE = YES;
				INFOPLIST_FILE = FearGreedWidget/Info.plist;
				INFOPLIST_KEY_CFBundleDisplayName = FearGreedWidget;
				INFOPLIST_KEY_NSHumanReadableCopyright = "";
				LD_RUNPATH_SEARCH_PATHS = (
					"$(inherited)",
					"@executable_path/Frameworks",
					"@executable_path/../../Frameworks",
				);
				MARKETING_VERSION = 1.0;
				PRODUCT_BUNDLE_IDENTIFIER = "samixd.Feer---Greed-Score.FearGreedWidget";
				PRODUCT_NAME = "$(TARGET_NAME)";
				SKIP_INSTALL = YES;
				SWIFT_EMIT_LOC_STRINGS = YES;
				SWIFT_VERSION = 5.0;
				TARGETED_DEVICE_FAMILY = "1,2";
			};
			name = Debug;
		};
		4B79AAFB2DD3967D00D67625 /* Release */ = {
			isa = XCBuildConfiguration;
			buildSettings = {
				ASSETCATALOG_COMPILER_GLOBAL_ACCENT_COLOR_NAME = AccentColor;
				ASSETCATALOG_COMPILER_WIDGET_BACKGROUND_COLOR_NAME = WidgetBackground;
				CODE_SIGN_ENTITLEMENTS = FearGreedWidgetExtension.entitlements;
				CODE_SIGN_STYLE = Automatic;
				CURRENT_PROJECT_VERSION = 1;
				DEVELOPMENT_TEAM = 688QA9GU4U;
				GENERATE_INFOPLIST_FILE = YES;
				INFOPLIST_FILE = FearGreedWidget/Info.plist;
				INFOPLIST_KEY_CFBundleDisplayName = FearGreedWidget;
				INFOPLIST_KEY_NSHumanReadableCopyright = "";
				LD_RUNPATH_SEARCH_PATHS = (
					"$(inherited)",
					"@executable_path/Frameworks",
					"@executable_path/../../Frameworks",
				);
				MARKETING_VERSION = 1.0;
				PRODUCT_BUNDLE_IDENTIFIER = "samixd.Feer---Greed-Score.FearGreedWidget";
				PRODUCT_NAME = "$(TARGET_NAME)";
				SKIP_INSTALL = YES;
				SWIFT_EMIT_LOC_STRINGS = YES;
				SWIFT_VERSION = 5.0;
				TARGETED_DEVICE_FAMILY = "1,2";
			};
			name = Release;
		};
/* End XCBuildConfiguration section */

/* Begin XCConfigurationList section */
		4B79AA492DD1C75F00D67625 /* Build configuration list for PBXProject "FearAndGreedScore" */ = {
			isa = XCConfigurationList;
			buildConfigurations = (
				4B79AA6D2DD1C76100D67625 /* Debug */,
				4B79AA6E2DD1C76100D67625 /* Release */,
			);
			defaultConfigurationIsVisible = 0;
			defaultConfigurationName = Release;
		};
		4B79AA6F2DD1C76100D67625 /* Build configuration list for PBXNativeTarget "FearAndGreedScore" */ = {
			isa = XCConfigurationList;
			buildConfigurations = (
				4B79AA702DD1C76100D67625 /* Debug */,
				4B79AA712DD1C76100D67625 /* Release */,
			);
			defaultConfigurationIsVisible = 0;
			defaultConfigurationName = Release;
		};
		4B79AA722DD1C76100D67625 /* Build configuration list for PBXNativeTarget "FearAndGreedScoreTests" */ = {
			isa = XCConfigurationList;
			buildConfigurations = (
				4B79AA732DD1C76100D67625 /* Debug */,
				4B79AA742DD1C76100D67625 /* Release */,
			);
			defaultConfigurationIsVisible = 0;
			defaultConfigurationName = Release;
		};
		4B79AA752DD1C76100D67625 /* Build configuration list for PBXNativeTarget "FearAndGreedScoreUITests" */ = {
			isa = XCConfigurationList;
			buildConfigurations = (
				4B79AA762DD1C76100D67625 /* Debug */,
				4B79AA772DD1C76100D67625 /* Release */,
			);
			defaultConfigurationIsVisible = 0;
			defaultConfigurationName = Release;
		};
		4B79AAFD2DD3967D00D67625 /* Build configuration list for PBXNativeTarget "FearGreedWidgetExtension" */ = {
			isa = XCConfigurationList;
			buildConfigurations = (
				4B79AAFA2DD3967D00D67625 /* Debug */,
				4B79AAFB2DD3967D00D67625 /* Release */,
			);
			defaultConfigurationIsVisible = 0;
			defaultConfigurationName = Release;
		};
/* End XCConfigurationList section */
	};
	rootObject = 4B79AA462DD1C75F00D67625 /* Project object */;
}
